{
  "name": "central-chamados",
  "version": "0.1.0",
  "lockfileVersion": 3,
  "requires": true,
  "packages": {
    "": {
      "name": "central-chamados",
      "version": "0.1.0",
      "devDependencies": {
        "@types/node": "^20.14.0",
        "sst": "^4.17.1",
        "typescript": "^5.5.0"
      }
    },
    "node_modules/@aws-sdk/client-lambda": {
      "version": "3.1087.0",
      "resolved": "https://registry.npmjs.org/@aws-sdk/client-lambda/-/client-lambda-3.1087.0.tgz",
      "integrity": "sha512-qZVBwoJjdphfnvTpDoeg7vCF16tGmP5B15f7hcGJm7J2mQGRPXA+II16b9jguORgud3y6CHHjsBfcg8o5cHNew==",
      "dev": true,
      "license": "Apache-2.0",
      "dependencies": {
        "@aws-sdk/core": "^3.975.2",
        "@aws-sdk/credential-provider-node": "^3.972.68",
        "@aws-sdk/types": "^3.974.1",
        "@smithy/core": "^3.29.3",
        "@smithy/fetch-http-handler": "^5.6.5",
        "@smithy/node-http-handler": "^4.9.5",
        "@smithy/types": "^4.16.1",
        "tslib": "^2.6.2"
      },
      "engines": {
        "node": ">=20.0.0"
      }
    },
    "node_modules/@aws-sdk/core": {
      "version": "3.975.2",
      "resolved": "https://registry.npmjs.org/@aws-sdk/core/-/core-3.975.2.tgz",
      "integrity": "sha512-iyeXwziyjJpixq5OmhsIyrSWx8vwcI7gDo4yRUC3EP7NQtOo9iAJiIEc3G+/HkhtNXqOhofiCK7Lc34Sq+fJWg==",
      "dev": true,
      "license": "Apache-2.0",
      "dependencies": {
        "@aws-sdk/types": "^3.974.1",
        "@aws-sdk/xml-builder": "^3.972.35",
        "@aws/lambda-invoke-store": "^0.3.0",
        "@smithy/core": "^3.29.3",
        "@smithy/signature-v4": "^5.6.3",
        "@smithy/types": "^4.16.1",
        "bowser": "^2.11.0",
        "tslib": "^2.6.2"
      },
      "engines": {
        "node": ">=20.0.0"
      }
    },
    "node_modules/@aws-sdk/credential-provider-env": {
      "version": "3.972.58",
      "resolved": "https://registry.npmjs.org/@aws-sdk/credential-provider-env/-/credential-provider-env-3.972.58.tgz",
      "integrity": "sha512-vyGtvK1rY940eq7JT0yIGKuZ+2kpPSJcHibSvGlit5oiMFDamzC7cxBGLl4FLnd6suihMXDI2FSF2dL6TmBqPA==",
      "dev": true,
      "license": "Apache-2.0",
      "dependencies": {
        "@aws-sdk/core": "^3.975.2",
        "@aws-sdk/types": "^3.974.1",
        "@smithy/core": "^3.29.3",
        "@smithy/types": "^4.16.1",
        "tslib": "^2.6.2"
      },
      "engines": {
        "node": ">=20.0.0"
      }
    },
    "node_modules/@aws-sdk/credential-provider-http": {
      "version": "3.972.60",
      "resolved": "https://registry.npmjs.org/@aws-sdk/credential-provider-http/-/credential-provider-http-3.972.60.tgz",
      "integrity": "sha512-g9b9YzDrD5pcKiPBJfCSXRfFMrA39eR0guUhZ5SRm+7vMAVc43+effxbcamxBjSd5bUhrdKo5te/yQuWurLXLA==",
      "dev": true,
      "license": "Apache-2.0",
      "dependencies": {
        "@aws-sdk/core": "^3.975.2",
        "@aws-sdk/types": "^3.974.1",
        "@smithy/core": "^3.29.3",
        "@smithy/fetch-http-handler": "^5.6.5",
        "@smithy/node-http-handler": "^4.9.5",
        "@smithy/types": "^4.16.1",
        "tslib": "^2.6.2"
      },
      "engines": {
        "node": ">=20.0.0"
      }
    },
    "node_modules/@aws-sdk/credential-provider-ini": {
      "version": "3.973.2",
      "resolved": "https://registry.npmjs.org/@aws-sdk/credential-provider-ini/-/credential-provider-ini-3.973.2.tgz",
      "integrity": "sha512-Yr7yxNyQ8aHt9Ww0RPFUZx+xiem+vl7vuwhP0tniTijoesJNV5jou9HCgVpI0GEPAF+89TkOvilE5uRrZJnjaw==",
      "dev": true,
      "license": "Apache-2.0",
      "dependencies": {
        "@aws-sdk/core": "^3.975.2",
        "@aws-sdk/credential-provider-env": "^3.972.58",
        "@aws-sdk/credential-provider-http": "^3.972.60",
        "@aws-sdk/credential-provider-login": "^3.972.64",
        "@aws-sdk/credential-provider-process": "^3.972.58",
        "@aws-sdk/credential-provider-sso": "^3.973.2",
        "@aws-sdk/credential-provider-web-identity": "^3.972.64",
        "@aws-sdk/nested-clients": "^3.997.32",
        "@aws-sdk/types": "^3.974.1",
        "@smithy/core": "^3.29.3",
        "@smithy/credential-provider-imds": "^4.4.7",
        "@smithy/types": "^4.16.1",
        "tslib": "^2.6.2"
      },
      "engines": {
        "node": ">=20.0.0"
      }
    },
    "node_modules/@aws-sdk/credential-provider-login": {
      "version": "3.972.64",
      "resolved": "https://registry.npmjs.org/@aws-sdk/credential-provider-login/-/credential-provider-login-3.972.64.tgz",
      "integrity": "sha512-YQoSI4d6kXvoenoG/0Jv/PqaAuukHzGmGXGyHBQYeEUNsYovlNAn/Sw1wp/WQbhcQ3HsEMGgjEahvD3igz6ecQ==",
      "dev": true,
      "license": "Apache-2.0",
      "dependencies": {
        "@aws-sdk/core": "^3.975.2",
        "@aws-sdk/nested-clients": "^3.997.32",
        "@aws-sdk/types": "^3.974.1",
        "@smithy/core": "^3.29.3",
        "@smithy/types": "^4.16.1",
        "tslib": "^2.6.2"
      },
      "engines": {
        "node": ">=20.0.0"
      }
    },
    "node_modules/@aws-sdk/credential-provider-node": {
      "version": "3.972.68",
      "resolved": "https://registry.npmjs.org/@aws-sdk/credential-provider-node/-/credential-provider-node-3.972.68.tgz",
      "integrity": "sha512-4akjzW9CjorByYfqXBXmYUh/h7Io3U4DtVgGGh9TQraZ7ZlyJqNyHwDRGiUFnHD+BTOeTbCesCa4sJaK7BGZ7A==",
      "dev": true,
      "license": "Apache-2.0",
      "dependencies": {
        "@aws-sdk/credential-provider-env": "^3.972.58",
        "@aws-sdk/credential-provider-http": "^3.972.60",
        "@aws-sdk/credential-provider-ini": "^3.973.2",
        "@aws-sdk/credential-provider-process": "^3.972.58",
        "@aws-sdk/credential-provider-sso": "^3.973.2",
        "@aws-sdk/credential-provider-web-identity": "^3.972.64",
        "@aws-sdk/types": "^3.974.1",
        "@smithy/core": "^3.29.3",
        "@smithy/credential-provider-imds": "^4.4.7",
        "@smithy/types": "^4.16.1",
        "tslib": "^2.6.2"
      },
      "engines": {
        "node": ">=20.0.0"
      }
    },
    "node_modules/@aws-sdk/credential-provider-process": {
      "version": "3.972.58",
      "resolved": "https://registry.npmjs.org/@aws-sdk/credential-provider-process/-/credential-provider-process-3.972.58.tgz",
      "integrity": "sha512-1nYitRCaDmXWUrpBJt6WlcGjLx1JVsMY8rlYuHHsTYTSaYikbixYdQSyINN2VYq1F798uTO9qHAzytL25M8g3A==",
      "dev": true,
      "license": "Apache-2.0",
      "dependencies": {
        "@aws-sdk/core": "^3.975.2",
        "@aws-sdk/types": "^3.974.1",
        "@smithy/core": "^3.29.3",
        "@smithy/types": "^4.16.1",
        "tslib": "^2.6.2"
      },
      "engines": {
        "node": ">=20.0.0"
      }
    },
    "node_modules/@aws-sdk/credential-provider-sso": {
      "version": "3.973.2",
      "resolved": "https://registry.npmjs.org/@aws-sdk/credential-provider-sso/-/credential-provider-sso-3.973.2.tgz",
      "integrity": "sha512-pjMLaLU/JZi5lVfmR14V1OZqRBTuMHf6AwGNZA0K9hK+JKtO3jcLBarfD8iq5oc8cSowvc/9R32sqMVXZPo6xQ==",
      "dev": true,
      "license": "Apache-2.0",
      "dependencies": {
        "@aws-sdk/core": "^3.975.2",
        "@aws-sdk/nested-clients": "^3.997.32",
        "@aws-sdk/token-providers": "3.1087.0",
        "@aws-sdk/types": "^3.974.1",
        "@smithy/core": "^3.29.3",
        "@smithy/types": "^4.16.1",
        "tslib": "^2.6.2"
      },
      "engines": {
        "node": ">=20.0.0"
      }
    },
    "node_modules/@aws-sdk/credential-provider-web-identity": {
      "version": "3.972.64",
      "resolved": "https://registry.npmjs.org/@aws-sdk/credential-provider-web-identity/-/credential-provider-web-identity-3.972.64.tgz",
      "integrity": "sha512-7Buc7p0OvDHW7iBsu4b+YdS0WnaFBDGKDfbVQqaac9dkWiSiUtIoarBDsA1RmOVXZijaZJDoHJFIQiicQvWRlQ==",
      "dev": true,
      "license": "Apache-2.0",
      "dependencies": {
        "@aws-sdk/core": "^3.975.2",
        "@aws-sdk/nested-clients": "^3.997.32",
        "@aws-sdk/types": "^3.974.1",
        "@smithy/core": "^3.29.3",
        "@smithy/types": "^4.16.1",
        "tslib": "^2.6.2"
      },
      "engines": {
        "node": ">=20.0.0"
      }
    },
    "node_modules/@aws-sdk/nested-clients": {
      "version": "3.997.32",
      "resolved": "https://registry.npmjs.org/@aws-sdk/nested-clients/-/nested-clients-3.997.32.tgz",
      "integrity": "sha512-6Yj2fr9XF67cndITea48rchTdVr3VGx6PN47bIKNinJAjLkmaIlz/4EBPCgJ8UmhVopiXmeAuPLI3+DXDDbMhQ==",
      "dev": true,
      "license": "Apache-2.0",
      "dependencies": {
        "@aws-sdk/core": "^3.975.2",
        "@aws-sdk/signature-v4-multi-region": "^3.996.40",
        "@aws-sdk/types": "^3.974.1",
        "@smithy/core": "^3.29.3",
        "@smithy/fetch-http-handler": "^5.6.5",
        "@smithy/node-http-handler": "^4.9.5",
        "@smithy/types": "^4.16.1",
        "tslib": "^2.6.2"
      },
      "engines": {
        "node": ">=20.0.0"
      }
    },
    "node_modules/@aws-sdk/signature-v4-multi-region": {
      "version": "3.996.40",
      "resolved": "https://registry.npmjs.org/@aws-sdk/signature-v4-multi-region/-/signature-v4-multi-region-3.996.40.tgz",
      "integrity": "sha512-wrGZ/authosokclY1DXsiWT/1WjfCI22FuZGgdcilF+XLTXs5dCjAtiFYSPsEToZkbm3Lj2YP8PoWg0yoMNu0g==",
      "dev": true,
      "license": "Apache-2.0",
      "dependencies": {
        "@aws-sdk/types": "^3.974.1",
        "@smithy/signature-v4": "^5.6.3",
        "@smithy/types": "^4.16.1",
        "tslib": "^2.6.2"
      },
      "engines": {
        "node": ">=20.0.0"
      }
    },
    "node_modules/@aws-sdk/token-providers": {
      "version": "3.1087.0",
      "resolved": "https://registry.npmjs.org/@aws-sdk/token-providers/-/token-providers-3.1087.0.tgz",
      "integrity": "sha512-umM+qNq16f2fH+VLM5MqXW4ORNQAjk+TOSto73xbUHcKaU41L48j786r3UWQYlejeJk37NlvRYgxBT+MBkfaYQ==",
      "dev": true,
      "license": "Apache-2.0",
      "dependencies": {
        "@aws-sdk/core": "^3.975.2",
        "@aws-sdk/nested-clients": "^3.997.32",
        "@aws-sdk/types": "^3.974.1",
        "@smithy/core": "^3.29.3",
        "@smithy/types": "^4.16.1",
        "tslib": "^2.6.2"
      },
      "engines": {
        "node": ">=20.0.0"
      }
    },
    "node_modules/@aws-sdk/types": {
      "version": "3.974.1",
      "resolved": "https://registry.npmjs.org/@aws-sdk/types/-/types-3.974.1.tgz",
      "integrity": "sha512-W0IQZR0eaBqlBFIIofMapaWkw1W0U+Xi4dvW+BqwmCEMd8Ng2U6IhkxuPSjMVnR8klLjfuS9PeZWUl1N6UaZdg==",
      "dev": true,
      "license": "Apache-2.0",
      "dependencies": {
        "@smithy/types": "^4.16.1",
        "tslib": "^2.6.2"
      },
      "engines": {
        "node": ">=20.0.0"
      }
    },
    "node_modules/@aws-sdk/xml-builder": {
      "version": "3.972.35",
      "resolved": "https://registry.npmjs.org/@aws-sdk/xml-builder/-/xml-builder-3.972.35.tgz",
      "integrity": "sha512-pXzaWe3evZhjxDXAlMnqISe/XefTCGwBJG4nFTXaWSgAnMkqPEhxEPqJNhhpGesEvKFhvNpnozJJ4GTL11bRYw==",
      "dev": true,
      "license": "Apache-2.0",
      "dependencies": {
        "@smithy/types": "^4.16.1",
        "tslib": "^2.6.2"
      },
      "engines": {
        "node": ">=20.0.0"
      }
    },
    "node_modules/@aws/durable-execution-sdk-js": {
      "version": "1.0.2",
      "resolved": "https://registry.npmjs.org/@aws/durable-execution-sdk-js/-/durable-execution-sdk-js-1.0.2.tgz",
      "integrity": "sha512-KIYBVqV9gArkWdPEDYOjJqLlO+NecmCXOXadNBlOspJTmqztwuiyb6aZc468bYWSGuL4Me/gyTIK97ubkwFNCw==",
      "dev": true,
      "license": "Apache-2.0",
      "dependencies": {
        "@aws-sdk/client-lambda": "^3.943.0"
      },
      "engines": {
        "node": ">=22"
      }
    },
    "node_modules/@aws/lambda-invoke-store": {
      "version": "0.3.0",
      "resolved": "https://registry.npmjs.org/@aws/lambda-invoke-store/-/lambda-invoke-store-0.3.0.tgz",
      "integrity": "sha512-sl4Bm6yiMNYrZKkqqDFWN0UfnWhlS8ivKxrYl+6t0gCLrqr8y3B2IqZZbFRkfaVVp7C/baApyh71P+LeE1A2sQ==",
      "dev": true,
      "license": "Apache-2.0",
      "engines": {
        "node": ">=18.0.0"
      }
    },
    "node_modules/@smithy/core": {
      "version": "3.29.4",
      "resolved": "https://registry.npmjs.org/@smithy/core/-/core-3.29.4.tgz",
      "integrity": "sha512-G1GRglAabzEhqghJMBAd54FkRS7SAFGHEwbhcI9r+O+LIMuFsLyXkLZkCoFSgAglRu8s/URVXJB0hglq3ZipIg==",
      "dev": true,
      "license": "Apache-2.0",
      "dependencies": {
        "@smithy/types": "^4.16.1",
        "tslib": "^2.6.2"
      },
      "engines": {
        "node": ">=18.0.0"
      }
    },
    "node_modules/@smithy/credential-provider-imds": {
      "version": "4.4.9",
      "resolved": "https://registry.npmjs.org/@smithy/credential-provider-imds/-/credential-provider-imds-4.4.9.tgz",
      "integrity": "sha512-2nfV4qRKiYeXU4zD2vvSCfg5dfp/BuhrM73vt7q9gzBhxs4rbPxXY21wo+kyI3bRmXcEGRnCLTaW8O437jzHIg==",
      "dev": true,
      "license": "Apache-2.0",
      "dependencies": {
        "@smithy/core": "^3.29.4",
        "@smithy/types": "^4.16.1",
        "tslib": "^2.6.2"
      },
      "engines": {
        "node": ">=18.0.0"
      }
    },
    "node_modules/@smithy/fetch-http-handler": {
      "version": "5.6.6",
      "resolved": "https://registry.npmjs.org/@smithy/fetch-http-handler/-/fetch-http-handler-5.6.6.tgz",
      "integrity": "sha512-NHLgAlORUFZjn5ZfhYuyyKMlXA1WLYOdGxEhyNxrPpbJzoacGbl0chn1lN2KiZ8mpNVk0tV5607CSYlYs/OFgw==",
      "dev": true,
      "license": "Apache-2.0",
      "dependencies": {
        "@smithy/core": "^3.29.4",
        "@smithy/types": "^4.16.1",
        "tslib": "^2.6.2"
      },
      "engines": {
        "node": ">=18.0.0"
      }
    },
    "node_modules/@smithy/node-http-handler": {
      "version": "4.9.6",
      "resolved": "https://registry.npmjs.org/@smithy/node-http-handler/-/node-http-handler-4.9.6.tgz",
      "integrity": "sha512-odd+HYx3OLcXRSEz0ZeF3JQdSYdK8QnRgA2N87cPW7coWIbKfRk7a9VQjfeWQLqnzrDLk23KMEn46p8N7M/JFg==",
      "dev": true,
      "license": "Apache-2.0",
      "dependencies": {
        "@smithy/core": "^3.29.4",
        "@smithy/types": "^4.16.1",
        "tslib": "^2.6.2"
      },
      "engines": {
        "node": ">=18.0.0"
      }
    },
    "node_modules/@smithy/signature-v4": {
      "version": "5.6.5",
      "resolved": "https://registry.npmjs.org/@smithy/signature-v4/-/signature-v4-5.6.5.tgz",
      "integrity": "sha512-MO5VEhwVl0BN7xVoVeNrZfiUFoQtqxUbgl6/RwOTlMMxCSjblG8twSrVTwz3J4w9WZxd2rBfBAUXjH77agspBg==",
      "dev": true,
      "license": "Apache-2.0",
      "dependencies": {
        "@smithy/core": "^3.29.4",
        "@smithy/types": "^4.16.1",
        "tslib": "^2.6.2"
      },
      "engines": {
        "node": ">=18.0.0"
      }
    },
    "node_modules/@smithy/types": {
      "version": "4.16.1",
      "resolved": "https://registry.npmjs.org/@smithy/types/-/types-4.16.1.tgz",
      "integrity": "sha512-0JFs3V2y2M9tKW5na/qxe69Zv+uxLMO7QBbhxF/FHu/Gp2NFZAAL9tWl9PU02xxo07pb3G9FTyjNc6D5uZrJIg==",
      "dev": true,
      "license": "Apache-2.0",
      "dependencies": {
        "tslib": "^2.6.2"
      },
      "engines": {
        "node": ">=18.0.0"
      }
    },
    "node_modules/@types/node": {
      "version": "20.19.43",
      "resolved": "https://registry.npmjs.org/@types/node/-/node-20.19.43.tgz",
      "integrity": "sha512-6oYBAi5ikg4Pl+kGsoYtawUMBT2zZMCvPNF7pVLnHZfd1zf38DRiWn/gT01RYCdUqkv7Fhr+C9ot4/tb+2sVvA==",
      "dev": true,
      "license": "MIT",
      "dependencies": {
        "undici-types": "~6.21.0"
      }
    },
    "node_modules/aws4fetch": {
      "version": "1.0.18",
      "resolved": "https://registry.npmjs.org/aws4fetch/-/aws4fetch-1.0.18.tgz",
      "integrity": "sha512-3Cf+YaUl07p24MoQ46rFwulAmiyCwH2+1zw1ZyPAX5OtJ34Hh185DwB8y/qRLb6cYYYtSFJ9pthyLc0MD4e8sQ==",
      "dev": true,
      "license": "MIT"
    },
    "node_modules/bowser": {
      "version": "2.14.1",
      "resolved": "https://registry.npmjs.org/bowser/-/bowser-2.14.1.tgz",
      "integrity": "sha512-tzPjzCxygAKWFOJP011oxFHs57HzIhOEracIgAePE4pqB3LikALKnSzUyU4MGs9/iCEUuHlAJTjTc5M+u7YEGg==",
      "dev": true,
      "license": "MIT"
    },
    "node_modules/jose": {
      "version": "5.2.3",
      "resolved": "https://registry.npmjs.org/jose/-/jose-5.2.3.tgz",
      "integrity": "sha512-KUXdbctm1uHVL8BYhnyHkgp3zDX5KW8ZhAKVFEfUbU2P8Alpzjb+48hHvjOdQIyPshoblhzsuqOwEEAbtHVirA==",
      "dev": true,
      "license": "MIT",
      "funding": {
        "url": "https://github.com/sponsors/panva"
      }
    },
    "node_modules/lru-cache": {
      "version": "6.0.0",
      "resolved": "https://registry.npmjs.org/lru-cache/-/lru-cache-6.0.0.tgz",
      "integrity": "sha512-Jo6dJ04CmSjuznwJSS3pUeWmd/H0ffTlkXXgwZi+eq1UCmqQwCh+eLsYOYCwY991i2Fah4h1BEMCx4qThGbsiA==",
      "dev": true,
      "license": "ISC",
      "dependencies": {
        "yallist": "^4.0.0"
      },
      "engines": {
        "node": ">=10"
      }
    },
    "node_modules/object-hash": {
      "version": "2.2.0",
      "resolved": "https://registry.npmjs.org/object-hash/-/object-hash-2.2.0.tgz",
      "integrity": "sha512-gScRMn0bS5fH+IuwyIFgnh9zBdo4DV+6GhygmWM9HyNJSgS0hScp1f5vjtm7oIIOiT9trXrShAkLFSc2IqKNgw==",
      "dev": true,
      "license": "MIT",
      "engines": {
        "node": ">= 6"
      }
    },
    "node_modules/oidc-token-hash": {
      "version": "5.2.0",
      "resolved": "https://registry.npmjs.org/oidc-token-hash/-/oidc-token-hash-5.2.0.tgz",
      "integrity": "sha512-6gj2m8cJZ+iSW8bm0FXdGF0YhIQbKrfP4yWTNzxc31U6MOjfEmB1rHvlYvxI1B7t7BCi1F2vYTT6YhtQRG4hxw==",
      "dev": true,
      "license": "MIT",
      "engines": {
        "node": "^10.13.0 || >=12.0.0"
      }
    },
    "node_modules/openid-client": {
      "version": "5.6.4",
      "resolved": "https://registry.npmjs.org/openid-client/-/openid-client-5.6.4.tgz",
      "integrity": "sha512-T1h3B10BRPKfcObdBklX639tVz+xh34O7GjofqrqiAQdm7eHsQ00ih18x6wuJ/E6FxdtS2u3FmUGPDeEcMwzNA==",
      "dev": true,
      "license": "MIT",
      "dependencies": {
        "jose": "^4.15.4",
        "lru-cache": "^6.0.0",
        "object-hash": "^2.2.0",
        "oidc-token-hash": "^5.0.3"
      },
      "funding": {
        "url": "https://github.com/sponsors/panva"
      }
    },
    "node_modules/openid-client/node_modules/jose": {
      "version": "4.15.9",
      "resolved": "https://registry.npmjs.org/jose/-/jose-4.15.9.tgz",
      "integrity": "sha512-1vUQX+IdDMVPj4k8kOxgUqlcK518yluMuGZwqlr44FS1ppZB/5GWh4rZG89erpOBOJjU/OBsnCVFfapsRz6nEA==",
      "dev": true,
      "license": "MIT",
      "funding": {
        "url": "https://github.com/sponsors/panva"
      }
    },
    "node_modules/sst": {
      "version": "4.17.1",
      "resolved": "https://registry.npmjs.org/sst/-/sst-4.17.1.tgz",
      "integrity": "sha512-06z0R8MICyvlsMAnPhQSga0JyijwlxwFXatnPtPA1h38PjSafrVR7bUhVIHFmUAtDLNC8hTlR/KMbKBlKGrRnQ==",
      "dev": true,
      "license": "MIT",
      "dependencies": {
        "@aws/durable-execution-sdk-js": "1.0.2",
        "aws4fetch": "1.0.18",
        "jose": "5.2.3",
        "openid-client": "5.6.4"
      },
      "bin": {
        "sst": "bin/sst.mjs"
      },
      "optionalDependencies": {
        "sst-darwin-arm64": "4.17.1",
        "sst-darwin-x64": "4.17.1",
        "sst-linux-arm64": "4.17.1",
        "sst-linux-x64": "4.17.1",
        "sst-linux-x86": "4.17.1",
        "sst-win32-arm64": "4.17.1",
        "sst-win32-x64": "4.17.1",
        "sst-win32-x86": "4.17.1"
      }
    },
    "node_modules/sst-darwin-arm64": {
      "version": "4.17.1",
      "resolved": "https://registry.npmjs.org/sst-darwin-arm64/-/sst-darwin-arm64-4.17.1.tgz",
      "integrity": "sha512-Y9qZTBk4Fcwba+td+Dz3lz0wT9pQIbkJ5JqNfU4UwaVQtA58kz02F/BluhACi0vpI7PJULY7Tp1orHg86iy9+w==",
      "cpu": [
        "arm64"
      ],
      "dev": true,
      "license": "MIT",
      "optional": true,
      "os": [
        "darwin"
      ]
    },
    "node_modules/sst-darwin-x64": {
      "version": "4.17.1",
      "resolved": "https://registry.npmjs.org/sst-darwin-x64/-/sst-darwin-x64-4.17.1.tgz",
      "integrity": "sha512-TCU/H51vhQo+5QwsPIsiODlM54OS3Xai8FThcmX9H4git9Z/gPRLdWGKO+KSRB5Mrbm4z1R+pLqWyuuoNA4W6g==",
      "cpu": [
        "x64"
      ],
      "dev": true,
      "license": "MIT",
      "optional": true,
      "os": [
        "darwin"
      ]
    },
    "node_modules/sst-linux-arm64": {
      "version": "4.17.1",
      "resolved": "https://registry.npmjs.org/sst-linux-arm64/-/sst-linux-arm64-4.17.1.tgz",
      "integrity": "sha512-LwSl1hOEuRx1nODr9QRKZAo8hrTOS/BBhZdGoAIwsVArmZurqbY1VKaVk6DSbP+qUnGPPgdEMpb1PpfdJfX/Xw==",
      "cpu": [
        "arm64"
      ],
      "dev": true,
      "license": "MIT",
      "optional": true,
      "os": [
        "linux"
      ]
    },
    "node_modules/sst-linux-x64": {
      "version": "4.17.1",
      "resolved": "https://registry.npmjs.org/sst-linux-x64/-/sst-linux-x64-4.17.1.tgz",
      "integrity": "sha512-DtIm3XkpzWb9yS4ZSgxg5KuOHRHhBk66y9lzVw6E/GBfUDdVOES2pbQUuFHuAq2tPJpbzuxGH7trdylAGD+TxA==",
      "cpu": [
        "x64"
      ],
      "dev": true,
      "license": "MIT",
      "optional": true,
      "os": [
        "linux"
      ]
    },
    "node_modules/sst-linux-x86": {
      "version": "4.17.1",
      "resolved": "https://registry.npmjs.org/sst-linux-x86/-/sst-linux-x86-4.17.1.tgz",
      "integrity": "sha512-I2dMWy9zU2V1H6NX3TE1ckl8BbXm/1rcPyxRJCe2TBYUgucqhT1q4je3OAOjBfUnBSv7arxm5tSrYZ0Z9I3bYQ==",
      "cpu": [
        "x86"
      ],
      "dev": true,
      "license": "MIT",
      "optional": true,
      "os": [
        "linux"
      ]
    },
    "node_modules/sst-win32-arm64": {
      "version": "4.17.1",
      "resolved": "https://registry.npmjs.org/sst-win32-arm64/-/sst-win32-arm64-4.17.1.tgz",
      "integrity": "sha512-iGWZC6vCI2verOnjLxRLeXNsZdxvVKJlgXO0zI4vtw3cbd+PbCU2Q7uj6miu0nlNHhsy+v0C3eL/aKu3Sk7V0A==",
      "cpu": [
        "arm64"
      ],
      "dev": true,
      "license": "MIT",
      "optional": true,
      "os": [
        "win32"
      ]
    },
    "node_modules/sst-win32-x64": {
      "version": "4.17.1",
      "resolved": "https://registry.npmjs.org/sst-win32-x64/-/sst-win32-x64-4.17.1.tgz",
      "integrity": "sha512-S9vpQwF24syg2A2+Sb+STejN8pfVv/l2LIZTFHeQOrMeLPIld3Uz9fQPakXCa3FrT1/i+m/UWWORXIJUeNBe+g==",
      "cpu": [
        "x64"
      ],
      "dev": true,
      "license": "MIT",
      "optional": true,
      "os": [
        "win32"
      ]
    },
    "node_modules/sst-win32-x86": {
      "version": "4.17.1",
      "resolved": "https://registry.npmjs.org/sst-win32-x86/-/sst-win32-x86-4.17.1.tgz",
      "integrity": "sha512-CTniRCdMGKVBZ4RB4cJbwJS1YH2d9vmCEzrbETr8a6BtlZ7gD4DDHf3RuG7oZ9MumVerbTuxhi7faz7uJ0UjVw==",
      "cpu": [
        "x86"
      ],
      "dev": true,
      "license": "MIT",
      "optional": true,
      "os": [
        "win32"
      ]
    },
    "node_modules/tslib": {
      "version": "2.8.1",
      "resolved": "https://registry.npmjs.org/tslib/-/tslib-2.8.1.tgz",
      "integrity": "sha512-oJFu94HQb+KVduSUQL7wnpmqnfmLsOA/nAh6b6EH0wCEoK0/mPeXU6c3wKDV83MkOuHPRHtSXKKU99IBazS/2w==",
      "dev": true,
      "license": "0BSD"
    },
    "node_modules/typescript": {
      "version": "5.9.3",
      "resolved": "https://registry.npmjs.org/typescript/-/typescript-5.9.3.tgz",
      "integrity": "sha512-jl1vZzPDinLr9eUt3J/t7V6FgNEw9QjvBPdysz9KfQDD41fQrC2Y4vKQdiaUpFT4bXlb1RHhLpp8wtm6M5TgSw==",
      "dev": true,
      "license": "Apache-2.0",
      "bin": {
        "tsc": "bin/tsc",
        "tsserver": "bin/tsserver"
      },
      "engines": {
        "node": ">=14.17"
      }
    },
    "node_modules/undici-types": {
      "version": "6.21.0",
      "resolved": "https://registry.npmjs.org/undici-types/-/undici-types-6.21.0.tgz",
      "integrity": "sha512-iwDZqg0QAGrg9Rav5H4n0M64c3mkR59cJ6wQp+7C4nI0gsmExaedaYLNO44eT4AtBBwjbTiGPMlt2Md0T9H9JQ==",
      "dev": true,
      "license": "MIT"
    },
    "node_modules/yallist": {
      "version": "4.0.0",
      "resolved": "https://registry.npmjs.org/yallist/-/yallist-4.0.0.tgz",
      "integrity": "sha512-3wdGidZyq5PB084XLES5TpOSRA3wjXAlIWMhum2kRcv/41Sn2emQ0dycQW4uZXLejwKvg6EsvbdlVL+FYEct7A==",
      "dev": true,
      "license": "ISC"
    }
  }
}
